{
  "version": "2",
  "remote": {
    "https://deno.land/x/xml@2.1.1/mod.ts": "4a314a7a28d1ec92f899ce4c6991f0356c77550a75955ec3f4a36733f08548e8",
    "https://deno.land/x/xml@2.1.1/parse.ts": "614b8648345ae93c641368836947484d321c7ac9312ae12ec750434353cd7385",
    "https://deno.land/x/xml@2.1.1/stringify.ts": "930d35431f153b29d36549cff08fcfbe978e52ccb56af1e3baa2e0760f418b04",
    "https://deno.land/x/xml@2.1.1/utils/parser.ts": "7f3b00aefabdd6d47e17061cbc35c3c4d44cc1ed174180b7eb70184e56bb5ba6",
    "https://deno.land/x/xml@2.1.1/utils/stream.ts": "056e2f368d47932d77e431bbc4a8292359171cc9ce881ea31ce0aae30d763e68",
    "https://deno.land/x/xml@2.1.1/utils/streamable.ts": "1603a5f10c859b95d4e9502365a0fba0b19d5d068356e20d5a6813cd37fee780",
    "https://deno.land/x/xml@2.1.1/utils/stringifier.ts": "c701b506835237c0c6c0a08fd94e0a012b644def3f4c819c64788daf2e649ea3",
    "https://deno.land/x/xml@2.1.1/utils/types.ts": "ecaf7785e54a6f1da6f8e56da2bce9853407ceb7d5b3b70f0a60a0890151fe4c",
    "https://esm.sh/cheerio@0.22.0": "4ee8fd3b7ac81169cf070ffeafa47b9a17ebcb53f9c9645d125e0774b3c637b8",
    "https://esm.sh/dayjs@1.11.9": "912183b9f5ca31ca9d3c598d4aa9cd4b12570eb7b9df66c2485ee8e158c47a8a",
    "https://esm.sh/v130/boolbase@1.0.0/denonext/boolbase.mjs": "4e3bd67e9b1c5c55094eae98345d0107c6a44ef57bd3d4b9579698fa44722280",
    "https://esm.sh/v130/cheerio@0.22.0/denonext/cheerio.mjs": "0f237887654c76d78f37dae1e638455939c91a77f0b264e2ee1245185ed2855d",
    "https://esm.sh/v130/css-select@1.2.0/denonext/css-select.mjs": "d4e3b2390df77a22d914fd316e0a102de2115d5a7e578e170b58b703e18afafc",
    "https://esm.sh/v130/css-what@2.1.3/denonext/css-what.mjs": "eb76146bf34df18d60ac5381f8ba832ec4cf6c0588def4ed7721cdadf586fe6d",
    "https://esm.sh/v130/dayjs@1.11.9/denonext/dayjs.mjs": "529d518d3b2842f5595b239e999578aaf6fb7732d1424290c37768c8947e89b6",
    "https://esm.sh/v130/dom-serializer@0.1.1/denonext/dom-serializer.mjs": "d91fc8abf41a2b1b20b44e0b0ae6a82a1b76e4cfc4dfb9a9c52ce2204e181ec8",
    "https://esm.sh/v130/dom-serializer@0.2.2/denonext/dom-serializer.mjs": "8366892b15e2191f7187fe8e19cd63c720a499f42d3d82e2851c71982d1314ed",
    "https://esm.sh/v130/domelementtype@1.3.1/denonext/domelementtype.mjs": "ed1cfafa3facb36a845053ab521e9665824ad6bd941b5c8b278d62cd9570cd60",
    "https://esm.sh/v130/domelementtype@2.3.0/denonext/domelementtype.mjs": "371936c356d5ac797f2ce3a66b98dfc73e6fff0e095b2858b85668e6ad7d10e0",
    "https://esm.sh/v130/domhandler@2.4.2/denonext/domhandler.mjs": "db1b57e46fa31b8e4688468fc47c8d98aac434205ff786c1f26d8d52dd08f7cf",
    "https://esm.sh/v130/domutils@1.5.1/denonext/domutils.mjs": "f20e472626f30ce2b965d41ee3884558ad8b9eb4dd162ff74a140999dfdec1f5",
    "https://esm.sh/v130/domutils@1.7.0/denonext/domutils.mjs": "1471bd41eb4f85343c922ae6f9d4d141eefbeab8281d3dae24cb3f41d766f35a",
    "https://esm.sh/v130/entities@1.1.2/denonext/entities.mjs": "3588a0bbec8415ed2761b2c3691d68098fa47e459512714cf2573eb0342e931f",
    "https://esm.sh/v130/entities@1.1.2/denonext/lib/decode_codepoint.js": "75c3a26050cf743e44f90150bc0f55a6a42c40da608819ed0841c6da84362b8c",
    "https://esm.sh/v130/entities@2.2.0/denonext/entities.mjs": "af15975e7c8b5f17be658d1db80f9de7c076cb9cd53c4dcfc9dd60d460266d62",
    "https://esm.sh/v130/htmlparser2@3.10.1/denonext/htmlparser2.mjs": "09a2f761d0cadddeadb5d09ae23abc719b3f7e4b40825236b1428800d21363da",
    "https://esm.sh/v130/inherits@2.0.4/denonext/inherits.mjs": "8095f3d6aea060c904fb24ae50f2882779c0acbe5d56814514c8b5153f3b4b3b",
    "https://esm.sh/v130/lodash.assignin@4.2.0/denonext/lodash.assignin.mjs": "78d10f8ef92dab1592daa371a0040ebbde2f2642f6012f4012472e1501970dc7",
    "https://esm.sh/v130/lodash.bind@4.2.1/denonext/lodash.bind.mjs": "5acbe2ac5517c4f6584e398a2ff9d97fe7e82d5eaeba838a31d5c93206cbf1d6",
    "https://esm.sh/v130/lodash.defaults@4.2.0/denonext/lodash.defaults.mjs": "5905919ec72ebaa4b1893a7169f3a080ac96fbe72e05675934d58f698810c29d",
    "https://esm.sh/v130/lodash.filter@4.6.0/denonext/lodash.filter.mjs": "6084e5d9c3978ad18108f031e04c50a9f5b17188285002443662171333572817",
    "https://esm.sh/v130/lodash.flatten@4.4.0/denonext/lodash.flatten.mjs": "8e86ab607deea15cc3c1acfb5eae278ecbc5b80f24167b4e8f4c56df3278cd55",
    "https://esm.sh/v130/lodash.foreach@4.5.0/denonext/lodash.foreach.mjs": "8a59a35add06456ae6a4b88ecac5bf7e60ae503256e6124350204fa1965e6076",
    "https://esm.sh/v130/lodash.map@4.6.0/denonext/lodash.map.mjs": "bcaf805eb5a2dc1a992b24620fb3f8a0f5f0c89236b456d28f7b8c89fafeb8be",
    "https://esm.sh/v130/lodash.merge@4.6.2/denonext/lodash.merge.mjs": "d960a7d88ca40ddf12693a1838c9a045e196d8d448a0a3246929c4fefe9ccb78",
    "https://esm.sh/v130/lodash.pick@4.4.0/denonext/lodash.pick.mjs": "dd7aa25d73cc4c50d25c7889871b8b78b8a7017c6efd10e41d08aa9dccc6b550",
    "https://esm.sh/v130/lodash.reduce@4.6.0/denonext/lodash.reduce.mjs": "8e07309b95518706a8d4f82c1d03ae0685b71fe7340fa7322f6bf6359ef1b83a",
    "https://esm.sh/v130/lodash.reject@4.6.0/denonext/lodash.reject.mjs": "6e5d62fd3f66fd4cf4f0a9be1698bf58e3c0baa90189862a6115bc56dbfc6650",
    "https://esm.sh/v130/lodash.some@4.6.0/denonext/lodash.some.mjs": "0b35a30ddf37d343c568eedc43c0c46a6041889cbd7f7b59eb250634bec8da1f",
    "https://esm.sh/v130/nth-check@1.0.2/denonext/nth-check.mjs": "b806c580986ad7c19c248c8a4cce1d3845103b8af422f74fc801cd8cf12e1cdc",
    "https://esm.sh/v130/readable-stream@3.6.2/denonext/readable-stream.mjs": "c8c637e305ba5369d4e74ce7d4df2155f139889f7525d24c6d777aaf1a34a2c4",
    "https://esm.sh/v130/util-deprecate@1.0.2/denonext/util-deprecate.mjs": "f69f67cf655c38428b0934e0f7c865c055834a87cc3866b629d6b2beb21005e9"
  },
  "npm": {
    "specifiers": {
      "mongodb": "mongodb@5.7.0",
      "papr": "papr@14.0.0_mongodb@5.7.0"
    },
    "packages": {
      "@types/node@18.16.19": {
        "integrity": "sha512-IXl7o+R9iti9eBW4Wg2hx1xQDig183jj7YLn8F7udNceyfkbn1ZxmzZXuak20gR40D7pIkIY1kYGx5VIGbaHKA==",
        "dependencies": {}
      },
      "@types/webidl-conversions@7.0.0": {
        "integrity": "sha512-xTE1E+YF4aWPJJeUzaZI5DRntlkY3+BCVJi0axFptnjGmAoWxkyREIh/XMrfxVLejwQxMCfDXdICo0VLxThrog==",
        "dependencies": {}
      },
      "@types/whatwg-url@8.2.2": {
        "integrity": "sha512-FtQu10RWgn3D9U4aazdwIE2yzphmTJREDqNdODHrbrZmmMqI0vMheC/6NE/J1Yveaj8H+ela+YwWTjq5PGmuhA==",
        "dependencies": {
          "@types/node": "@types/node@18.16.19",
          "@types/webidl-conversions": "@types/webidl-conversions@7.0.0"
        }
      },
      "bson@5.4.0": {
        "integrity": "sha512-WRZ5SQI5GfUuKnPTNmAYPiKIof3ORXAF4IRU5UcgmivNIon01rWQlw5RUH954dpu8yGL8T59YShVddIPaU/gFA==",
        "dependencies": {}
      },
      "ip@2.0.0": {
        "integrity": "sha512-WKa+XuLG1A1R0UWhl2+1XQSi+fZWMsYKffMZTTYsiZaUD8k2yDAj5atimTUD2TZkyCkNEeYE5NhFZmupOGtjYQ==",
        "dependencies": {}
      },
      "memory-pager@1.5.0": {
        "integrity": "sha512-ZS4Bp4r/Zoeq6+NLJpP+0Zzm0pR8whtGPf1XExKLJBAczGMnSi3It14OiNCStjQjM6NU1okjQGSxgEZN8eBYKg==",
        "dependencies": {}
      },
      "mongodb-connection-string-url@2.6.0": {
        "integrity": "sha512-WvTZlI9ab0QYtTYnuMLgobULWhokRjtC7db9LtcVfJ+Hsnyr5eo6ZtNAt3Ly24XZScGMelOcGtm7lSn0332tPQ==",
        "dependencies": {
          "@types/whatwg-url": "@types/whatwg-url@8.2.2",
          "whatwg-url": "whatwg-url@11.0.0"
        }
      },
      "mongodb@5.7.0": {
        "integrity": "sha512-zm82Bq33QbqtxDf58fLWBwTjARK3NSvKYjyz997KSy6hpat0prjeX/kxjbPVyZY60XYPDNETaHkHJI2UCzSLuw==",
        "dependencies": {
          "bson": "bson@5.4.0",
          "mongodb-connection-string-url": "mongodb-connection-string-url@2.6.0",
          "saslprep": "saslprep@1.0.3",
          "socks": "socks@2.7.1"
        }
      },
      "papr@14.0.0_mongodb@5.7.0": {
        "integrity": "sha512-y/nFJinQpxAPWhc5hXEmmxIUPE4YwZj9pmPRDlgC21jTI0oXXfhzoe4ABPopr+rtQysO8yhIruIbZRRsHDOvOw==",
        "dependencies": {
          "mongodb": "mongodb@5.7.0"
        }
      },
      "punycode@2.3.0": {
        "integrity": "sha512-rRV+zQD8tVFys26lAGR9WUuS4iUAngJScM+ZRSKtvl5tKeZ2t5bvdNFdNHBW9FWR4guGHlgmsZ1G7BSm2wTbuA==",
        "dependencies": {}
      },
      "saslprep@1.0.3": {
        "integrity": "sha512-/MY/PEMbk2SuY5sScONwhUDsV2p77Znkb/q3nSVstq/yQzYJOH/Azh29p9oJLsl3LnQwSvZDKagDGBsBwSooag==",
        "dependencies": {
          "sparse-bitfield": "sparse-bitfield@3.0.3"
        }
      },
      "smart-buffer@4.2.0": {
        "integrity": "sha512-94hK0Hh8rPqQl2xXc3HsaBoOXKV20MToPkcXvwbISWLEs+64sBq5kFgn2kJDHb1Pry9yrP0dxrCI9RRci7RXKg==",
        "dependencies": {}
      },
      "socks@2.7.1": {
        "integrity": "sha512-7maUZy1N7uo6+WVEX6psASxtNlKaNVMlGQKkG/63nEDdLOWNbiUMoLK7X4uYoLhQstau72mLgfEWcXcwsaHbYQ==",
        "dependencies": {
          "ip": "ip@2.0.0",
          "smart-buffer": "smart-buffer@4.2.0"
        }
      },
      "sparse-bitfield@3.0.3": {
        "integrity": "sha512-kvzhi7vqKTfkh0PZU+2D2PIllw2ymqJKujUcyPMd9Y75Nv4nPbGJZXNhxsgdQab2BmlDct1YnfQCguEvHr7VsQ==",
        "dependencies": {
          "memory-pager": "memory-pager@1.5.0"
        }
      },
      "tr46@3.0.0": {
        "integrity": "sha512-l7FvfAHlcmulp8kr+flpQZmVwtu7nfRV7NZujtN0OqES8EL4O4e0qqzL0DC5gAvx/ZC/9lk6rhcUwYvkBnBnYA==",
        "dependencies": {
          "punycode": "punycode@2.3.0"
        }
      },
      "webidl-conversions@7.0.0": {
        "integrity": "sha512-VwddBukDzu71offAQR975unBIGqfKZpM+8ZX6ySk8nYhVoo5CYaZyzt3YBvYtRtO+aoGlqxPg/B87NGVZ/fu6g==",
        "dependencies": {}
      },
      "whatwg-url@11.0.0": {
        "integrity": "sha512-RKT8HExMpoYx4igMiVMY83lN6UeITKJlBQ+vR/8ZJ8OCdSiN3RwCq+9gH0+Xzj0+5IrM6i4j/6LuvzbZIQgEcQ==",
        "dependencies": {
          "tr46": "tr46@3.0.0",
          "webidl-conversions": "webidl-conversions@7.0.0"
        }
      }
    }
  }
}
